// !$*UTF8*$!
{
	archiveVersion = 1;
	classes = {
	};
	objectVersion = 56;
	objects = {

/* Begin PBXBuildFile section */
		5202C0272C0FFC76007D0F11 /* GeneralTeamTable.swift in Sources */ = {isa = PBXBuildFile; fileRef = 5202C0262C0FFC76007D0F11 /* GeneralTeamTable.swift */; };
		521FFE762C0FB84E00D091E7 /* TeamDetails.swift in Sources */ = {isa = PBXBuildFile; fileRef = 521FFE752C0FB84D00D091E7 /* TeamDetails.swift */; };
		521FFE782C0FC72C00D091E7 /* Search.swift in Sources */ = {isa = PBXBuildFile; fileRef = 521FFE772C0FC72C00D091E7 /* Search.swift */; };
		523923F52BCF5D2F0054F9BD /* LoginView.swift in Sources */ = {isa = PBXBuildFile; fileRef = 523923F42BCF5D2F0054F9BD /* LoginView.swift */; };
		523BF1E42BCE1E3E003138DC /* ROLOSOFT_FRONTApp.swift in Sources */ = {isa = PBXBuildFile; fileRef = 523BF1E32BCE1E3E003138DC /* ROLOSOFT_FRONTApp.swift */; };
		523BF1E62BCE1E3E003138DC /* ContentView.swift in Sources */ = {isa = PBXBuildFile; fileRef = 523BF1E52BCE1E3E003138DC /* ContentView.swift */; };
		523BF1E82BCE1E40003138DC /* Assets.xcassets in Resources */ = {isa = PBXBuildFile; fileRef = 523BF1E72BCE1E40003138DC /* Assets.xcassets */; };
		523BF1EB2BCE1E40003138DC /* Preview Assets.xcassets in Resources */ = {isa = PBXBuildFile; fileRef = 523BF1EA2BCE1E40003138DC /* Preview Assets.xcassets */; };
		5252EEF92BE0760D00095F22 /* LoadingView.swift in Sources */ = {isa = PBXBuildFile; fileRef = 5252EEF82BE0760D00095F22 /* LoadingView.swift */; };
		5252EEFC2BE07ADD00095F22 /* MatchCalendar.swift in Sources */ = {isa = PBXBuildFile; fileRef = 5252EEFB2BE07ADD00095F22 /* MatchCalendar.swift */; };
		5255745B2BD84D0000881C57 /* AuthService.swift in Sources */ = {isa = PBXBuildFile; fileRef = 5255745A2BD84D0000881C57 /* AuthService.swift */; };
		5255745D2BD8521E00881C57 /* HomeView.swift in Sources */ = {isa = PBXBuildFile; fileRef = 5255745C2BD8521D00881C57 /* HomeView.swift */; };
		526493562BEC71B600F3E170 /* UserError.swift in Sources */ = {isa = PBXBuildFile; fileRef = 526493552BEC71B600F3E170 /* UserError.swift */; };
		52783E482C0125A800B1A138 /* MatchEvent.swift in Sources */ = {isa = PBXBuildFile; fileRef = 52783E472C0125A800B1A138 /* MatchEvent.swift */; };
		52783E4A2C01674C00B1A138 /* JSONDecoder+CustomDate.swift in Sources */ = {isa = PBXBuildFile; fileRef = 52783E492C01674C00B1A138 /* JSONDecoder+CustomDate.swift */; };
		52895FB62C0017BA00F53C13 /* RuleBookView.swift in Sources */ = {isa = PBXBuildFile; fileRef = 52895FB52C0017B900F53C13 /* RuleBookView.swift */; };
		52895FB82C00196A00F53C13 /* reglamento_frisa.pdf in Resources */ = {isa = PBXBuildFile; fileRef = 52895FB72C00196A00F53C13 /* reglamento_frisa.pdf */; };
		529AA5902C068B8A00201125 /* LeaderBoard.swift in Sources */ = {isa = PBXBuildFile; fileRef = 529AA58F2C068B8A00201125 /* LeaderBoard.swift */; };
		52CBB6F82BD5A39600DD0410 /* APIService.swift in Sources */ = {isa = PBXBuildFile; fileRef = 52CBB6F72BD5A39600DD0410 /* APIService.swift */; };
		52CBB6FA2BD5A41600DD0410 /* UserProfile.swift in Sources */ = {isa = PBXBuildFile; fileRef = 52CBB6F92BD5A41600DD0410 /* UserProfile.swift */; };
		52CC57582C06C29D0019A55E /* ScoringTable.swift in Sources */ = {isa = PBXBuildFile; fileRef = 52CC57572C06C29D0019A55E /* ScoringTable.swift */; };
		52CE67872C054FC1001C5169 /* School.swift in Sources */ = {isa = PBXBuildFile; fileRef = 52CE67862C054FC1001C5169 /* School.swift */; };
		52CE67892C05538E001C5169 /* DateFormatter.swift in Sources */ = {isa = PBXBuildFile; fileRef = 52CE67882C05538E001C5169 /* DateFormatter.swift */; };
		52ECF2E62C056C1200B902F3 /* TeamDetailView.swift in Sources */ = {isa = PBXBuildFile; fileRef = 52ECF2E52C056C1200B902F3 /* TeamDetailView.swift */; };
		52FC48A02BF7EC2A0095EF4D /* ProfileView.swift in Sources */ = {isa = PBXBuildFile; fileRef = 52FC489F2BF7EC2A0095EF4D /* ProfileView.swift */; };
		52FC48A22BF82B8C0095EF4D /* LogOutButton.swift in Sources */ = {isa = PBXBuildFile; fileRef = 52FC48A12BF82B8C0095EF4D /* LogOutButton.swift */; };
		52FC48A52BF831BA0095EF4D /* SearchView.swift in Sources */ = {isa = PBXBuildFile; fileRef = 52FC48A42BF831BA0095EF4D /* SearchView.swift */; };
		FE1C56832BFD6AE600D105E3 /* Article.swift in Sources */ = {isa = PBXBuildFile; fileRef = FE1C56822BFD6AE600D105E3 /* Article.swift */; };
		FE1C56862BFD6B3B00D105E3 /* dummyArticlesList.swift in Sources */ = {isa = PBXBuildFile; fileRef = FE1C56852BFD6B3B00D105E3 /* dummyArticlesList.swift */; };
		FE1C56882BFD711B00D105E3 /* ArticlesView.swift in Sources */ = {isa = PBXBuildFile; fileRef = FE1C56872BFD711B00D105E3 /* ArticlesView.swift */; };
		FE264D652C06AD0D00C0C4A6 /* GoalTable.swift in Sources */ = {isa = PBXBuildFile; fileRef = FE264D642C06AD0D00C0C4A6 /* GoalTable.swift */; };
		FE264D672C06B62100C0C4A6 /* GeneralTable.swift in Sources */ = {isa = PBXBuildFile; fileRef = FE264D662C06B62100C0C4A6 /* GeneralTable.swift */; };
		FE264D692C06B86100C0C4A6 /* GridPlayers.swift in Sources */ = {isa = PBXBuildFile; fileRef = FE264D682C06B86100C0C4A6 /* GridPlayers.swift */; };
		FE44F94C2C056B5900824334 /* LeaderBoardView.swift in Sources */ = {isa = PBXBuildFile; fileRef = FE44F94B2C056B5900824334 /* LeaderBoardView.swift */; };
		FE4E83702BF6E64200BE07E4 /* DetailTeamCard.swift in Sources */ = {isa = PBXBuildFile; fileRef = FE4E836F2BF6E64200BE07E4 /* DetailTeamCard.swift */; };
		FE4E83722BF6F77500BE07E4 /* ResultCard.swift in Sources */ = {isa = PBXBuildFile; fileRef = FE4E83712BF6F77500BE07E4 /* ResultCard.swift */; };
		FEAB41FE2BEC5E9600170E54 /* ButtonModifier.swift in Sources */ = {isa = PBXBuildFile; fileRef = FEAB41FD2BEC5E9600170E54 /* ButtonModifier.swift */; };
		FEAB42002BEC5EB700170E54 /* TextFieldModifier.swift in Sources */ = {isa = PBXBuildFile; fileRef = FEAB41FF2BEC5EB700170E54 /* TextFieldModifier.swift */; };
		FED1D3FB2C0FA51C008FA32A /* TeamDetailHead.swift in Sources */ = {isa = PBXBuildFile; fileRef = FED1D3FA2C0FA51B008FA32A /* TeamDetailHead.swift */; };
		FEFE60212BF2FC5600816EC7 /* MatchCard.swift in Sources */ = {isa = PBXBuildFile; fileRef = FEFE60202BF2FC5600816EC7 /* MatchCard.swift */; };
		FEFE60232BF304F300816EC7 /* ImageLoader.swift in Sources */ = {isa = PBXBuildFile; fileRef = FEFE60222BF304F300816EC7 /* ImageLoader.swift */; };
		FEFE60252BF3054300816EC7 /* URLImage.swift in Sources */ = {isa = PBXBuildFile; fileRef = FEFE60242BF3054300816EC7 /* URLImage.swift */; };
		FEFE60272BF4334000816EC7 /* ArticleCard.swift in Sources */ = {isa = PBXBuildFile; fileRef = FEFE60262BF4334000816EC7 /* ArticleCard.swift */; };
/* End PBXBuildFile section */

/* Begin PBXFileReference section */
		5202C0262C0FFC76007D0F11 /* GeneralTeamTable.swift */ = {isa = PBXFileReference; lastKnownFileType = sourcecode.swift; path = GeneralTeamTable.swift; sourceTree = "<group>"; };
		521A79442BE5BCFB000FBAC7 /* Info.plist */ = {isa = PBXFileReference; lastKnownFileType = text.plist; path = Info.plist; sourceTree = "<group>"; };
		521FFE752C0FB84D00D091E7 /* TeamDetails.swift */ = {isa = PBXFileReference; lastKnownFileType = sourcecode.swift; path = TeamDetails.swift; sourceTree = "<group>"; };
		521FFE772C0FC72C00D091E7 /* Search.swift */ = {isa = PBXFileReference; lastKnownFileType = sourcecode.swift; path = Search.swift; sourceTree = "<group>"; };
		523923F42BCF5D2F0054F9BD /* LoginView.swift */ = {isa = PBXFileReference; lastKnownFileType = sourcecode.swift; path = LoginView.swift; sourceTree = "<group>"; };
		523BF1E02BCE1E3E003138DC /* ROLOSOFT-FRONT.app */ = {isa = PBXFileReference; explicitFileType = wrapper.application; includeInIndex = 0; path = "ROLOSOFT-FRONT.app"; sourceTree = BUILT_PRODUCTS_DIR; };
		523BF1E32BCE1E3E003138DC /* ROLOSOFT_FRONTApp.swift */ = {isa = PBXFileReference; lastKnownFileType = sourcecode.swift; path = ROLOSOFT_FRONTApp.swift; sourceTree = "<group>"; };
		523BF1E52BCE1E3E003138DC /* ContentView.swift */ = {isa = PBXFileReference; lastKnownFileType = sourcecode.swift; path = ContentView.swift; sourceTree = "<group>"; };
		523BF1E72BCE1E40003138DC /* Assets.xcassets */ = {isa = PBXFileReference; lastKnownFileType = folder.assetcatalog; path = Assets.xcassets; sourceTree = "<group>"; };
		523BF1EA2BCE1E40003138DC /* Preview Assets.xcassets */ = {isa = PBXFileReference; lastKnownFileType = folder.assetcatalog; path = "Preview Assets.xcassets"; sourceTree = "<group>"; };
		5252EEF82BE0760D00095F22 /* LoadingView.swift */ = {isa = PBXFileReference; lastKnownFileType = sourcecode.swift; path = LoadingView.swift; sourceTree = "<group>"; };
		5252EEFB2BE07ADD00095F22 /* MatchCalendar.swift */ = {isa = PBXFileReference; lastKnownFileType = sourcecode.swift; path = MatchCalendar.swift; sourceTree = "<group>"; };
		5255745A2BD84D0000881C57 /* AuthService.swift */ = {isa = PBXFileReference; lastKnownFileType = sourcecode.swift; path = AuthService.swift; sourceTree = "<group>"; };
		5255745C2BD8521D00881C57 /* HomeView.swift */ = {isa = PBXFileReference; lastKnownFileType = sourcecode.swift; path = HomeView.swift; sourceTree = "<group>"; };
		526493552BEC71B600F3E170 /* UserError.swift */ = {isa = PBXFileReference; lastKnownFileType = sourcecode.swift; path = UserError.swift; sourceTree = "<group>"; };
		52783E472C0125A800B1A138 /* MatchEvent.swift */ = {isa = PBXFileReference; lastKnownFileType = sourcecode.swift; path = MatchEvent.swift; sourceTree = "<group>"; };
		52783E492C01674C00B1A138 /* JSONDecoder+CustomDate.swift */ = {isa = PBXFileReference; lastKnownFileType = sourcecode.swift; path = "JSONDecoder+CustomDate.swift"; sourceTree = "<group>"; };
		52895FB52C0017B900F53C13 /* RuleBookView.swift */ = {isa = PBXFileReference; lastKnownFileType = sourcecode.swift; path = RuleBookView.swift; sourceTree = "<group>"; };
		52895FB72C00196A00F53C13 /* reglamento_frisa.pdf */ = {isa = PBXFileReference; lastKnownFileType = image.pdf; path = reglamento_frisa.pdf; sourceTree = "<group>"; };
		529AA58F2C068B8A00201125 /* LeaderBoard.swift */ = {isa = PBXFileReference; lastKnownFileType = sourcecode.swift; path = LeaderBoard.swift; sourceTree = "<group>"; };
		52CBB6F72BD5A39600DD0410 /* APIService.swift */ = {isa = PBXFileReference; lastKnownFileType = sourcecode.swift; path = APIService.swift; sourceTree = "<group>"; };
		52CBB6F92BD5A41600DD0410 /* UserProfile.swift */ = {isa = PBXFileReference; lastKnownFileType = sourcecode.swift; path = UserProfile.swift; sourceTree = "<group>"; };
		52CC57572C06C29D0019A55E /* ScoringTable.swift */ = {isa = PBXFileReference; lastKnownFileType = sourcecode.swift; path = ScoringTable.swift; sourceTree = "<group>"; };
		52CE67862C054FC1001C5169 /* School.swift */ = {isa = PBXFileReference; lastKnownFileType = sourcecode.swift; path = School.swift; sourceTree = "<group>"; };
		52CE67882C05538E001C5169 /* DateFormatter.swift */ = {isa = PBXFileReference; lastKnownFileType = sourcecode.swift; path = DateFormatter.swift; sourceTree = "<group>"; };
		52ECF2E52C056C1200B902F3 /* TeamDetailView.swift */ = {isa = PBXFileReference; lastKnownFileType = sourcecode.swift; path = TeamDetailView.swift; sourceTree = "<group>"; };
		52FC489F2BF7EC2A0095EF4D /* ProfileView.swift */ = {isa = PBXFileReference; lastKnownFileType = sourcecode.swift; path = ProfileView.swift; sourceTree = "<group>"; };
		52FC48A12BF82B8C0095EF4D /* LogOutButton.swift */ = {isa = PBXFileReference; lastKnownFileType = sourcecode.swift; path = LogOutButton.swift; sourceTree = "<group>"; };
		52FC48A42BF831BA0095EF4D /* SearchView.swift */ = {isa = PBXFileReference; lastKnownFileType = sourcecode.swift; path = SearchView.swift; sourceTree = "<group>"; };
		FE1C56822BFD6AE600D105E3 /* Article.swift */ = {isa = PBXFileReference; lastKnownFileType = sourcecode.swift; path = Article.swift; sourceTree = "<group>"; };
		FE1C56852BFD6B3B00D105E3 /* dummyArticlesList.swift */ = {isa = PBXFileReference; lastKnownFileType = sourcecode.swift; path = dummyArticlesList.swift; sourceTree = "<group>"; };
		FE1C56872BFD711B00D105E3 /* ArticlesView.swift */ = {isa = PBXFileReference; lastKnownFileType = sourcecode.swift; path = ArticlesView.swift; sourceTree = "<group>"; };
		FE264D642C06AD0D00C0C4A6 /* GoalTable.swift */ = {isa = PBXFileReference; lastKnownFileType = sourcecode.swift; path = GoalTable.swift; sourceTree = "<group>"; };
		FE264D662C06B62100C0C4A6 /* GeneralTable.swift */ = {isa = PBXFileReference; lastKnownFileType = sourcecode.swift; path = GeneralTable.swift; sourceTree = "<group>"; };
		FE264D682C06B86100C0C4A6 /* GridPlayers.swift */ = {isa = PBXFileReference; lastKnownFileType = sourcecode.swift; path = GridPlayers.swift; sourceTree = "<group>"; };
		FE44F94B2C056B5900824334 /* LeaderBoardView.swift */ = {isa = PBXFileReference; lastKnownFileType = sourcecode.swift; path = LeaderBoardView.swift; sourceTree = "<group>"; };
		FE4E836F2BF6E64200BE07E4 /* DetailTeamCard.swift */ = {isa = PBXFileReference; lastKnownFileType = sourcecode.swift; path = DetailTeamCard.swift; sourceTree = "<group>"; };
		FE4E83712BF6F77500BE07E4 /* ResultCard.swift */ = {isa = PBXFileReference; lastKnownFileType = sourcecode.swift; path = ResultCard.swift; sourceTree = "<group>"; };
		FEAB41FD2BEC5E9600170E54 /* ButtonModifier.swift */ = {isa = PBXFileReference; lastKnownFileType = sourcecode.swift; path = ButtonModifier.swift; sourceTree = "<group>"; };
		FEAB41FF2BEC5EB700170E54 /* TextFieldModifier.swift */ = {isa = PBXFileReference; lastKnownFileType = sourcecode.swift; path = TextFieldModifier.swift; sourceTree = "<group>"; };
		FED1D3FA2C0FA51B008FA32A /* TeamDetailHead.swift */ = {isa = PBXFileReference; lastKnownFileType = sourcecode.swift; path = TeamDetailHead.swift; sourceTree = "<group>"; };
		FEFE60202BF2FC5600816EC7 /* MatchCard.swift */ = {isa = PBXFileReference; lastKnownFileType = sourcecode.swift; path = MatchCard.swift; sourceTree = "<group>"; };
		FEFE60222BF304F300816EC7 /* ImageLoader.swift */ = {isa = PBXFileReference; lastKnownFileType = sourcecode.swift; path = ImageLoader.swift; sourceTree = "<group>"; };
		FEFE60242BF3054300816EC7 /* URLImage.swift */ = {isa = PBXFileReference; lastKnownFileType = sourcecode.swift; path = URLImage.swift; sourceTree = "<group>"; };
		FEFE60262BF4334000816EC7 /* ArticleCard.swift */ = {isa = PBXFileReference; lastKnownFileType = sourcecode.swift; path = ArticleCard.swift; sourceTree = "<group>"; };
/* End PBXFileReference section */

/* Begin PBXFrameworksBuildPhase section */
		523BF1DD2BCE1E3E003138DC /* Frameworks */ = {
			isa = PBXFrameworksBuildPhase;
			buildActionMask = 2147483647;
			files = (
			);
			runOnlyForDeploymentPostprocessing = 0;
		};
/* End PBXFrameworksBuildPhase section */

/* Begin PBXGroup section */
		523923EB2BCF5C470054F9BD /* Models */ = {
			isa = PBXGroup;
			children = (
				52CBB6F92BD5A41600DD0410 /* UserProfile.swift */,
				529AA58F2C068B8A00201125 /* LeaderBoard.swift */,
				526493552BEC71B600F3E170 /* UserError.swift */,
				FE1C56822BFD6AE600D105E3 /* Article.swift */,
				52783E472C0125A800B1A138 /* MatchEvent.swift */,
				52CE67862C054FC1001C5169 /* School.swift */,
				52CC57572C06C29D0019A55E /* ScoringTable.swift */,
				521FFE752C0FB84D00D091E7 /* TeamDetails.swift */,
				521FFE772C0FC72C00D091E7 /* Search.swift */,
				5202C0262C0FFC76007D0F11 /* GeneralTeamTable.swift */,
			);
			path = Models;
			sourceTree = "<group>";
		};
		523923ED2BCF5C6B0054F9BD /* Views */ = {
			isa = PBXGroup;
			children = (
				52ECF2E42C056BE900B902F3 /* Team */,
				52FC48A32BF8317C0095EF4D /* Search */,
				52FC489E2BF7EC120095EF4D /* Profile */,
				523923F22BCF5CA40054F9BD /* Home */,
				523923F12BCF5C9A0054F9BD /* Authentication */,
				5252EEF82BE0760D00095F22 /* LoadingView.swift */,
				FE1C56872BFD711B00D105E3 /* ArticlesView.swift */,
				FE44F94B2C056B5900824334 /* LeaderBoardView.swift */,
			);
			path = Views;
			sourceTree = "<group>";
		};
		523923EF2BCF5C830054F9BD /* Services */ = {
			isa = PBXGroup;
			children = (
				52CBB6F72BD5A39600DD0410 /* APIService.swift */,
				5255745A2BD84D0000881C57 /* AuthService.swift */,
			);
			path = Services;
			sourceTree = "<group>";
		};
		523923F02BCF5C8C0054F9BD /* Helpers */ = {
			isa = PBXGroup;
			children = (
				FEFE60222BF304F300816EC7 /* ImageLoader.swift */,
				52783E492C01674C00B1A138 /* JSONDecoder+CustomDate.swift */,
				52CE67882C05538E001C5169 /* DateFormatter.swift */,
			);
			path = Helpers;
			sourceTree = "<group>";
		};
		523923F12BCF5C9A0054F9BD /* Authentication */ = {
			isa = PBXGroup;
			children = (
				523923F42BCF5D2F0054F9BD /* LoginView.swift */,
			);
			path = Authentication;
			sourceTree = "<group>";
		};
		523923F22BCF5CA40054F9BD /* Home */ = {
			isa = PBXGroup;
			children = (
				5255745C2BD8521D00881C57 /* HomeView.swift */,
			);
			path = Home;
			sourceTree = "<group>";
		};
		523BF1D72BCE1E3E003138DC = {
			isa = PBXGroup;
			children = (
				523BF1E22BCE1E3E003138DC /* ROLOSOFT-FRONT */,
				523BF1E12BCE1E3E003138DC /* Products */,
			);
			sourceTree = "<group>";
		};
		523BF1E12BCE1E3E003138DC /* Products */ = {
			isa = PBXGroup;
			children = (
				523BF1E02BCE1E3E003138DC /* ROLOSOFT-FRONT.app */,
			);
			name = Products;
			sourceTree = "<group>";
		};
		523BF1E22BCE1E3E003138DC /* ROLOSOFT-FRONT */ = {
			isa = PBXGroup;
			children = (
				FE1C56842BFD6B2800D105E3 /* Data */,
				FEAB41FC2BEC5E6500170E54 /* Modifiers */,
				521A79442BE5BCFB000FBAC7 /* Info.plist */,
				5252EEFA2BE07AB800095F22 /* Components */,
				523923F02BCF5C8C0054F9BD /* Helpers */,
				523923EF2BCF5C830054F9BD /* Services */,
				523923ED2BCF5C6B0054F9BD /* Views */,
				523923EB2BCF5C470054F9BD /* Models */,
				523BF1E32BCE1E3E003138DC /* ROLOSOFT_FRONTApp.swift */,
				523BF1E52BCE1E3E003138DC /* ContentView.swift */,
				523BF1E72BCE1E40003138DC /* Assets.xcassets */,
				523BF1E92BCE1E40003138DC /* Preview Content */,
			);
			path = "ROLOSOFT-FRONT";
			sourceTree = "<group>";
		};
		523BF1E92BCE1E40003138DC /* Preview Content */ = {
			isa = PBXGroup;
			children = (
				523BF1EA2BCE1E40003138DC /* Preview Assets.xcassets */,
			);
			path = "Preview Content";
			sourceTree = "<group>";
		};
		5252EEFA2BE07AB800095F22 /* Components */ = {
			isa = PBXGroup;
			children = (
				FEFE60202BF2FC5600816EC7 /* MatchCard.swift */,
				5252EEFB2BE07ADD00095F22 /* MatchCalendar.swift */,
				FEFE60242BF3054300816EC7 /* URLImage.swift */,
				FEFE60262BF4334000816EC7 /* ArticleCard.swift */,
				FE4E836F2BF6E64200BE07E4 /* DetailTeamCard.swift */,
				FE4E83712BF6F77500BE07E4 /* ResultCard.swift */,
				52FC48A12BF82B8C0095EF4D /* LogOutButton.swift */,
				FE264D642C06AD0D00C0C4A6 /* GoalTable.swift */,
				FE264D662C06B62100C0C4A6 /* GeneralTable.swift */,
				FE264D682C06B86100C0C4A6 /* GridPlayers.swift */,
				FED1D3FA2C0FA51B008FA32A /* TeamDetailHead.swift */,
			);
			path = Components;
			sourceTree = "<group>";
		};
		52ECF2E42C056BE900B902F3 /* Team */ = {
			isa = PBXGroup;
			children = (
				52ECF2E52C056C1200B902F3 /* TeamDetailView.swift */,
			);
			path = Team;
			sourceTree = "<group>";
		};
		52FC489E2BF7EC120095EF4D /* Profile */ = {
			isa = PBXGroup;
			children = (
				52895FB72C00196A00F53C13 /* reglamento_frisa.pdf */,
				52FC489F2BF7EC2A0095EF4D /* ProfileView.swift */,
				52895FB52C0017B900F53C13 /* RuleBookView.swift */,
			);
			path = Profile;
			sourceTree = "<group>";
		};
		52FC48A32BF8317C0095EF4D /* Search */ = {
			isa = PBXGroup;
			children = (
				52FC48A42BF831BA0095EF4D /* SearchView.swift */,
			);
			path = Search;
			sourceTree = "<group>";
		};
		FE1C56842BFD6B2800D105E3 /* Data */ = {
			isa = PBXGroup;
			children = (
				FE1C56852BFD6B3B00D105E3 /* dummyArticlesList.swift */,
			);
			path = Data;
			sourceTree = "<group>";
		};
		FEAB41FC2BEC5E6500170E54 /* Modifiers */ = {
			isa = PBXGroup;
			children = (
				FEAB41FD2BEC5E9600170E54 /* ButtonModifier.swift */,
				FEAB41FF2BEC5EB700170E54 /* TextFieldModifier.swift */,
			);
			path = Modifiers;
			sourceTree = "<group>";
		};
/* End PBXGroup section */

/* Begin PBXNativeTarget section */
		523BF1DF2BCE1E3E003138DC /* ROLOSOFT-FRONT */ = {
			isa = PBXNativeTarget;
			buildConfigurationList = 523BF1EE2BCE1E40003138DC /* Build configuration list for PBXNativeTarget "ROLOSOFT-FRONT" */;
			buildPhases = (
				523BF1DC2BCE1E3E003138DC /* Sources */,
				523BF1DD2BCE1E3E003138DC /* Frameworks */,
				523BF1DE2BCE1E3E003138DC /* Resources */,
			);
			buildRules = (
			);
			dependencies = (
			);
			name = "ROLOSOFT-FRONT";
			productName = "ROLOSOFT-FRONT";
			productReference = 523BF1E02BCE1E3E003138DC /* ROLOSOFT-FRONT.app */;
			productType = "com.apple.product-type.application";
		};
/* End PBXNativeTarget section */

/* Begin PBXProject section */
		523BF1D82BCE1E3E003138DC /* Project object */ = {
			isa = PBXProject;
			attributes = {
				BuildIndependentTargetsInParallel = 1;
				LastSwiftUpdateCheck = 1530;
				LastUpgradeCheck = 1530;
				TargetAttributes = {
					523BF1DF2BCE1E3E003138DC = {
						CreatedOnToolsVersion = 15.3;
					};
				};
			};
			buildConfigurationList = 523BF1DB2BCE1E3E003138DC /* Build configuration list for PBXProject "ROLOSOFT-FRONT" */;
			compatibilityVersion = "Xcode 14.0";
			developmentRegion = en;
			hasScannedForEncodings = 0;
			knownRegions = (
				en,
				Base,
			);
			mainGroup = 523BF1D72BCE1E3E003138DC;
			productRefGroup = 523BF1E12BCE1E3E003138DC /* Products */;
			projectDirPath = "";
			projectRoot = "";
			targets = (
				523BF1DF2BCE1E3E003138DC /* ROLOSOFT-FRONT */,
			);
		};
/* End PBXProject section */

/* Begin PBXResourcesBuildPhase section */
		523BF1DE2BCE1E3E003138DC /* Resources */ = {
			isa = PBXResourcesBuildPhase;
			buildActionMask = 2147483647;
			files = (
				523BF1EB2BCE1E40003138DC /* Preview Assets.xcassets in Resources */,
				52895FB82C00196A00F53C13 /* reglamento_frisa.pdf in Resources */,
				523BF1E82BCE1E40003138DC /* Assets.xcassets in Resources */,
			);
			runOnlyForDeploymentPostprocessing = 0;
		};
/* End PBXResourcesBuildPhase section */

/* Begin PBXSourcesBuildPhase section */
		523BF1DC2BCE1E3E003138DC /* Sources */ = {
			isa = PBXSourcesBuildPhase;
			buildActionMask = 2147483647;
			files = (
				FE1C56832BFD6AE600D105E3 /* Article.swift in Sources */,
				FEFE60272BF4334000816EC7 /* ArticleCard.swift in Sources */,
				FEFE60232BF304F300816EC7 /* ImageLoader.swift in Sources */,
				FE264D652C06AD0D00C0C4A6 /* GoalTable.swift in Sources */,
				5252EEFC2BE07ADD00095F22 /* MatchCalendar.swift in Sources */,
				52CC57582C06C29D0019A55E /* ScoringTable.swift in Sources */,
				FE1C56862BFD6B3B00D105E3 /* dummyArticlesList.swift in Sources */,
				5202C0272C0FFC76007D0F11 /* GeneralTeamTable.swift in Sources */,
				FED1D3FB2C0FA51C008FA32A /* TeamDetailHead.swift in Sources */,
				FE264D692C06B86100C0C4A6 /* GridPlayers.swift in Sources */,
				5252EEFC2BE07ADD00095F22 /* MatchCalendar.swift in Sources */,
				523923F52BCF5D2F0054F9BD /* LoginView.swift in Sources */,
				529AA5902C068B8A00201125 /* LeaderBoard.swift in Sources */,
				5255745D2BD8521E00881C57 /* HomeView.swift in Sources */,
				FE264D672C06B62100C0C4A6 /* GeneralTable.swift in Sources */,
				FE4E83722BF6F77500BE07E4 /* ResultCard.swift in Sources */,
				52ECF2E62C056C1200B902F3 /* TeamDetailView.swift in Sources */,
				523BF1E62BCE1E3E003138DC /* ContentView.swift in Sources */,
				52FC48A52BF831BA0095EF4D /* SearchView.swift in Sources */,
				FEAB41FE2BEC5E9600170E54 /* ButtonModifier.swift in Sources */,
				FE4E83702BF6E64200BE07E4 /* DetailTeamCard.swift in Sources */,
				52CBB6F82BD5A39600DD0410 /* APIService.swift in Sources */,
				5255745B2BD84D0000881C57 /* AuthService.swift in Sources */,
				5252EEF92BE0760D00095F22 /* LoadingView.swift in Sources */,
				FE1C56882BFD711B00D105E3 /* ArticlesView.swift in Sources */,
				52895FB62C0017BA00F53C13 /* RuleBookView.swift in Sources */,
				FEFE60212BF2FC5600816EC7 /* MatchCard.swift in Sources */,
				52CBB6FA2BD5A41600DD0410 /* UserProfile.swift in Sources */,
				52783E482C0125A800B1A138 /* MatchEvent.swift in Sources */,
				FEAB42002BEC5EB700170E54 /* TextFieldModifier.swift in Sources */,
				52FC48A22BF82B8C0095EF4D /* LogOutButton.swift in Sources */,
				521FFE762C0FB84E00D091E7 /* TeamDetails.swift in Sources */,
				FE44F94C2C056B5900824334 /* LeaderBoardView.swift in Sources */,
				52783E4A2C01674C00B1A138 /* JSONDecoder+CustomDate.swift in Sources */,
				52CE67892C05538E001C5169 /* DateFormatter.swift in Sources */,
				523BF1E42BCE1E3E003138DC /* ROLOSOFT_FRONTApp.swift in Sources */,
				52FC48A02BF7EC2A0095EF4D /* ProfileView.swift in Sources */,
				FEFE60252BF3054300816EC7 /* URLImage.swift in Sources */,
				521FFE782C0FC72C00D091E7 /* Search.swift in Sources */,
				526493562BEC71B600F3E170 /* UserError.swift in Sources */,
				52CE67872C054FC1001C5169 /* School.swift in Sources */,
			);
			runOnlyForDeploymentPostprocessing = 0;
		};
/* End PBXSourcesBuildPhase section */

/* Begin XCBuildConfiguration section */
		523BF1EC2BCE1E40003138DC /* Debug */ = {
			isa = XCBuildConfiguration;
			buildSettings = {
				ALWAYS_SEARCH_USER_PATHS = NO;
				ASSETCATALOG_COMPILER_GENERATE_SWIFT_ASSET_SYMBOL_EXTENSIONS = YES;
				CLANG_ANALYZER_NONNULL = YES;
				CLANG_ANALYZER_NUMBER_OBJECT_CONVERSION = YES_AGGRESSIVE;
				CLANG_CXX_LANGUAGE_STANDARD = "gnu++20";
				CLANG_ENABLE_MODULES = YES;
				CLANG_ENABLE_OBJC_ARC = YES;
				CLANG_ENABLE_OBJC_WEAK = YES;
				CLANG_WARN_BLOCK_CAPTURE_AUTORELEASING = YES;
				CLANG_WARN_BOOL_CONVERSION = YES;
				CLANG_WARN_COMMA = YES;
				CLANG_WARN_CONSTANT_CONVERSION = YES;
				CLANG_WARN_DEPRECATED_OBJC_IMPLEMENTATIONS = YES;
				CLANG_WARN_DIRECT_OBJC_ISA_USAGE = YES_ERROR;
				CLANG_WARN_DOCUMENTATION_COMMENTS = YES;
				CLANG_WARN_EMPTY_BODY = YES;
				CLANG_WARN_ENUM_CONVERSION = YES;
				CLANG_WARN_INFINITE_RECURSION = YES;
				CLANG_WARN_INT_CONVERSION = YES;
				CLANG_WARN_NON_LITERAL_NULL_CONVERSION = YES;
				CLANG_WARN_OBJC_IMPLICIT_RETAIN_SELF = YES;
				CLANG_WARN_OBJC_LITERAL_CONVERSION = YES;
				CLANG_WARN_OBJC_ROOT_CLASS = YES_ERROR;
				CLANG_WARN_QUOTED_INCLUDE_IN_FRAMEWORK_HEADER = YES;
				CLANG_WARN_RANGE_LOOP_ANALYSIS = YES;
				CLANG_WARN_STRICT_PROTOTYPES = YES;
				CLANG_WARN_SUSPICIOUS_MOVE = YES;
				CLANG_WARN_UNGUARDED_AVAILABILITY = YES_AGGRESSIVE;
				CLANG_WARN_UNREACHABLE_CODE = YES;
				CLANG_WARN__DUPLICATE_METHOD_MATCH = YES;
				COPY_PHASE_STRIP = NO;
				DEBUG_INFORMATION_FORMAT = dwarf;
				ENABLE_STRICT_OBJC_MSGSEND = YES;
				ENABLE_TESTABILITY = YES;
				ENABLE_USER_SCRIPT_SANDBOXING = YES;
				GCC_C_LANGUAGE_STANDARD = gnu17;
				GCC_DYNAMIC_NO_PIC = NO;
				GCC_NO_COMMON_BLOCKS = YES;
				GCC_OPTIMIZATION_LEVEL = 0;
				GCC_PREPROCESSOR_DEFINITIONS = (
					"DEBUG=1",
					"$(inherited)",
				);
				GCC_WARN_64_TO_32_BIT_CONVERSION = YES;
				GCC_WARN_ABOUT_RETURN_TYPE = YES_ERROR;
				GCC_WARN_UNDECLARED_SELECTOR = YES;
				GCC_WARN_UNINITIALIZED_AUTOS = YES_AGGRESSIVE;
				GCC_WARN_UNUSED_FUNCTION = YES;
				GCC_WARN_UNUSED_VARIABLE = YES;
				IPHONEOS_DEPLOYMENT_TARGET = 17.4;
				LOCALIZATION_PREFERS_STRING_CATALOGS = YES;
				MTL_ENABLE_DEBUG_INFO = INCLUDE_SOURCE;
				MTL_FAST_MATH = YES;
				ONLY_ACTIVE_ARCH = YES;
				SDKROOT = iphoneos;
				SWIFT_ACTIVE_COMPILATION_CONDITIONS = "DEBUG $(inherited)";
				SWIFT_OPTIMIZATION_LEVEL = "-Onone";
			};
			name = Debug;
		};
		523BF1ED2BCE1E40003138DC /* Release */ = {
			isa = XCBuildConfiguration;
			buildSettings = {
				ALWAYS_SEARCH_USER_PATHS = NO;
				ASSETCATALOG_COMPILER_GENERATE_SWIFT_ASSET_SYMBOL_EXTENSIONS = YES;
				CLANG_ANALYZER_NONNULL = YES;
				CLANG_ANALYZER_NUMBER_OBJECT_CONVERSION = YES_AGGRESSIVE;
				CLANG_CXX_LANGUAGE_STANDARD = "gnu++20";
				CLANG_ENABLE_MODULES = YES;
				CLANG_ENABLE_OBJC_ARC = YES;
				CLANG_ENABLE_OBJC_WEAK = YES;
				CLANG_WARN_BLOCK_CAPTURE_AUTORELEASING = YES;
				CLANG_WARN_BOOL_CONVERSION = YES;
				CLANG_WARN_COMMA = YES;
				CLANG_WARN_CONSTANT_CONVERSION = YES;
				CLANG_WARN_DEPRECATED_OBJC_IMPLEMENTATIONS = YES;
				CLANG_WARN_DIRECT_OBJC_ISA_USAGE = YES_ERROR;
				CLANG_WARN_DOCUMENTATION_COMMENTS = YES;
				CLANG_WARN_EMPTY_BODY = YES;
				CLANG_WARN_ENUM_CONVERSION = YES;
				CLANG_WARN_INFINITE_RECURSION = YES;
				CLANG_WARN_INT_CONVERSION = YES;
				CLANG_WARN_NON_LITERAL_NULL_CONVERSION = YES;
				CLANG_WARN_OBJC_IMPLICIT_RETAIN_SELF = YES;
				CLANG_WARN_OBJC_LITERAL_CONVERSION = YES;
				CLANG_WARN_OBJC_ROOT_CLASS = YES_ERROR;
				CLANG_WARN_QUOTED_INCLUDE_IN_FRAMEWORK_HEADER = YES;
				CLANG_WARN_RANGE_LOOP_ANALYSIS = YES;
				CLANG_WARN_STRICT_PROTOTYPES = YES;
				CLANG_WARN_SUSPICIOUS_MOVE = YES;
				CLANG_WARN_UNGUARDED_AVAILABILITY = YES_AGGRESSIVE;
				CLANG_WARN_UNREACHABLE_CODE = YES;
				CLANG_WARN__DUPLICATE_METHOD_MATCH = YES;
				COPY_PHASE_STRIP = NO;
				DEBUG_INFORMATION_FORMAT = "dwarf-with-dsym";
				ENABLE_NS_ASSERTIONS = NO;
				ENABLE_STRICT_OBJC_MSGSEND = YES;
				ENABLE_USER_SCRIPT_SANDBOXING = YES;
				GCC_C_LANGUAGE_STANDARD = gnu17;
				GCC_NO_COMMON_BLOCKS = YES;
				GCC_WARN_64_TO_32_BIT_CONVERSION = YES;
				GCC_WARN_ABOUT_RETURN_TYPE = YES_ERROR;
				GCC_WARN_UNDECLARED_SELECTOR = YES;
				GCC_WARN_UNINITIALIZED_AUTOS = YES_AGGRESSIVE;
				GCC_WARN_UNUSED_FUNCTION = YES;
				GCC_WARN_UNUSED_VARIABLE = YES;
				IPHONEOS_DEPLOYMENT_TARGET = 17.4;
				LOCALIZATION_PREFERS_STRING_CATALOGS = YES;
				MTL_ENABLE_DEBUG_INFO = NO;
				MTL_FAST_MATH = YES;
				SDKROOT = iphoneos;
				SWIFT_COMPILATION_MODE = wholemodule;
				VALIDATE_PRODUCT = YES;
			};
			name = Release;
		};
		523BF1EF2BCE1E40003138DC /* Debug */ = {
			isa = XCBuildConfiguration;
			buildSettings = {
				ASSETCATALOG_COMPILER_APPICON_NAME = AppIcon;
				ASSETCATALOG_COMPILER_GLOBAL_ACCENT_COLOR_NAME = AccentColor;
				CODE_SIGN_STYLE = Automatic;
				CURRENT_PROJECT_VERSION = 1;
				DEVELOPMENT_ASSET_PATHS = "\"ROLOSOFT-FRONT/Preview Content\"";
				DEVELOPMENT_TEAM = 28UD3SH48C;
				ENABLE_PREVIEWS = YES;
				GENERATE_INFOPLIST_FILE = YES;
				INFOPLIST_FILE = "ROLOSOFT-FRONT/Info.plist";
				INFOPLIST_KEY_UIApplicationSceneManifest_Generation = YES;
				INFOPLIST_KEY_UIApplicationSupportsIndirectInputEvents = YES;
				INFOPLIST_KEY_UILaunchScreen_Generation = YES;
				INFOPLIST_KEY_UISupportedInterfaceOrientations_iPad = "UIInterfaceOrientationPortrait UIInterfaceOrientationPortraitUpsideDown UIInterfaceOrientationLandscapeLeft UIInterfaceOrientationLandscapeRight";
				INFOPLIST_KEY_UISupportedInterfaceOrientations_iPhone = "UIInterfaceOrientationPortrait UIInterfaceOrientationLandscapeLeft UIInterfaceOrientationLandscapeRight";
				LD_RUNPATH_SEARCH_PATHS = (
					"$(inherited)",
					"@executable_path/Frameworks",
				);
				MARKETING_VERSION = 1.0;
				PRODUCT_BUNDLE_IDENTIFIER = "dbg.ROLOSOFT-FRONT";
				PRODUCT_NAME = "$(TARGET_NAME)";
				SWIFT_EMIT_LOC_STRINGS = YES;
				SWIFT_VERSION = 5.0;
				TARGETED_DEVICE_FAMILY = "1,2";
			};
			name = Debug;
		};
		523BF1F02BCE1E40003138DC /* Release */ = {
			isa = XCBuildConfiguration;
			buildSettings = {
				ASSETCATALOG_COMPILER_APPICON_NAME = AppIcon;
				ASSETCATALOG_COMPILER_GLOBAL_ACCENT_COLOR_NAME = AccentColor;
				CODE_SIGN_STYLE = Automatic;
				CURRENT_PROJECT_VERSION = 1;
				DEVELOPMENT_ASSET_PATHS = "\"ROLOSOFT-FRONT/Preview Content\"";
				DEVELOPMENT_TEAM = 28UD3SH48C;
				ENABLE_PREVIEWS = YES;
				GENERATE_INFOPLIST_FILE = YES;
				INFOPLIST_FILE = "ROLOSOFT-FRONT/Info.plist";
				INFOPLIST_KEY_UIApplicationSceneManifest_Generation = YES;
				INFOPLIST_KEY_UIApplicationSupportsIndirectInputEvents = YES;
				INFOPLIST_KEY_UILaunchScreen_Generation = YES;
				INFOPLIST_KEY_UISupportedInterfaceOrientations_iPad = "UIInterfaceOrientationPortrait UIInterfaceOrientationPortraitUpsideDown UIInterfaceOrientationLandscapeLeft UIInterfaceOrientationLandscapeRight";
				INFOPLIST_KEY_UISupportedInterfaceOrientations_iPhone = "UIInterfaceOrientationPortrait UIInterfaceOrientationLandscapeLeft UIInterfaceOrientationLandscapeRight";
				LD_RUNPATH_SEARCH_PATHS = (
					"$(inherited)",
					"@executable_path/Frameworks",
				);
				MARKETING_VERSION = 1.0;
				PRODUCT_BUNDLE_IDENTIFIER = "dbg.ROLOSOFT-FRONT";
				PRODUCT_NAME = "$(TARGET_NAME)";
				SWIFT_EMIT_LOC_STRINGS = YES;
				SWIFT_VERSION = 5.0;
				TARGETED_DEVICE_FAMILY = "1,2";
			};
			name = Release;
		};
/* End XCBuildConfiguration section */

/* Begin XCConfigurationList section */
		523BF1DB2BCE1E3E003138DC /* Build configuration list for PBXProject "ROLOSOFT-FRONT" */ = {
			isa = XCConfigurationList;
			buildConfigurations = (
				523BF1EC2BCE1E40003138DC /* Debug */,
				523BF1ED2BCE1E40003138DC /* Release */,
			);
			defaultConfigurationIsVisible = 0;
			defaultConfigurationName = Release;
		};
		523BF1EE2BCE1E40003138DC /* Build configuration list for PBXNativeTarget "ROLOSOFT-FRONT" */ = {
			isa = XCConfigurationList;
			buildConfigurations = (
				523BF1EF2BCE1E40003138DC /* Debug */,
				523BF1F02BCE1E40003138DC /* Release */,
			);
			defaultConfigurationIsVisible = 0;
			defaultConfigurationName = Release;
		};
/* End XCConfigurationList section */
	};
	rootObject = 523BF1D82BCE1E3E003138DC /* Project object */;
}
